// !$*UTF8*$!
{
	archiveVersion = 1;
	classes = {
	};
	objectVersion = 56;
	objects = {

/* Begin PBXBuildFile section */
		4AB209CE2C7E12C90058E171 /* ReactiveCollectionsKitCrashReproApp.swift in Sources */ = {isa = PBXBuildFile; fileRef = 4AB209CD2C7E12C90058E171 /* ReactiveCollectionsKitCrashReproApp.swift */; };
		4AB209D02C7E12C90058E171 /* ContentView.swift in Sources */ = {isa = PBXBuildFile; fileRef = 4AB209CF2C7E12C90058E171 /* ContentView.swift */; };
		4AB209D22C7E12CA0058E171 /* Assets.xcassets in Resources */ = {isa = PBXBuildFile; fileRef = 4AB209D12C7E12CA0058E171 /* Assets.xcassets */; };
		4AB209D52C7E12CA0058E171 /* Preview Assets.xcassets in Resources */ = {isa = PBXBuildFile; fileRef = 4AB209D42C7E12CA0058E171 /* Preview Assets.xcassets */; };
		4AB209DD2C7E12F20058E171 /* ReactiveCollectionsKit in Frameworks */ = {isa = PBXBuildFile; productRef = 4AB209DC2C7E12F20058E171 /* ReactiveCollectionsKit */; };
		4AB209DF2C7E12FC0058E171 /* CollectionView.swift in Sources */ = {isa = PBXBuildFile; fileRef = 4AB209DE2C7E12FC0058E171 /* CollectionView.swift */; };
		4AB209E22C7E13E90058E171 /* CompositionalLayoutDSL in Frameworks */ = {isa = PBXBuildFile; productRef = 4AB209E12C7E13E90058E171 /* CompositionalLayoutDSL */; };
		4AB209E42C7E14D80058E171 /* CollectionViewLayouts.swift in Sources */ = {isa = PBXBuildFile; fileRef = 4AB209E32C7E14D80058E171 /* CollectionViewLayouts.swift */; };
		4AB209E62C7E15760058E171 /* View+erase.swift in Sources */ = {isa = PBXBuildFile; fileRef = 4AB209E52C7E15760058E171 /* View+erase.swift */; };
		4AB209E82C7E22520058E171 /* Int+Identifiable.swift in Sources */ = {isa = PBXBuildFile; fileRef = 4AB209E72C7E22520058E171 /* Int+Identifiable.swift */; };
/* End PBXBuildFile section */

/* Begin PBXFileReference section */
		4AB209CA2C7E12C90058E171 /* ReactiveCollectionsKitCrashRepro.app */ = {isa = PBXFileReference; explicitFileType = wrapper.application; includeInIndex = 0; path = ReactiveCollectionsKitCrashRepro.app; sourceTree = BUILT_PRODUCTS_DIR; };
		4AB209CD2C7E12C90058E171 /* ReactiveCollectionsKitCrashReproApp.swift */ = {isa = PBXFileReference; lastKnownFileType = sourcecode.swift; path = ReactiveCollectionsKitCrashReproApp.swift; sourceTree = "<group>"; };
		4AB209CF2C7E12C90058E171 /* ContentView.swift */ = {isa = PBXFileReference; lastKnownFileType = sourcecode.swift; path = ContentView.swift; sourceTree = "<group>"; };
		4AB209D12C7E12CA0058E171 /* Assets.xcassets */ = {isa = PBXFileReference; lastKnownFileType = folder.assetcatalog; path = Assets.xcassets; sourceTree = "<group>"; };
		4AB209D42C7E12CA0058E171 /* Preview Assets.xcassets */ = {isa = PBXFileReference; lastKnownFileType = folder.assetcatalog; path = "Preview Assets.xcassets"; sourceTree = "<group>"; };
		4AB209DE2C7E12FC0058E171 /* CollectionView.swift */ = {isa = PBXFileReference; lastKnownFileType = sourcecode.swift; path = CollectionView.swift; sourceTree = "<group>"; };
		4AB209E32C7E14D80058E171 /* CollectionViewLayouts.swift */ = {isa = PBXFileReference; lastKnownFileType = sourcecode.swift; path = CollectionViewLayouts.swift; sourceTree = "<group>"; };
		4AB209E52C7E15760058E171 /* View+erase.swift */ = {isa = PBXFileReference; lastKnownFileType = sourcecode.swift; path = "View+erase.swift"; sourceTree = "<group>"; };
		4AB209E72C7E22520058E171 /* Int+Identifiable.swift */ = {isa = PBXFileReference; lastKnownFileType = sourcecode.swift; path = "Int+Identifiable.swift"; sourceTree = "<group>"; };
/* End PBXFileReference section */

/* Begin PBXFrameworksBuildPhase section */
		4AB209C72C7E12C90058E171 /* Frameworks */ = {
			isa = PBXFrameworksBuildPhase;
			buildActionMask = 2147483647;
			files = (
				4AB209E22C7E13E90058E171 /* CompositionalLayoutDSL in Frameworks */,
				4AB209DD2C7E12F20058E171 /* ReactiveCollectionsKit in Frameworks */,
			);
			runOnlyForDeploymentPostprocessing = 0;
		};
/* End PBXFrameworksBuildPhase section */

/* Begin PBXGroup section */
		4AB209C12C7E12C90058E171 = {
			isa = PBXGroup;
			children = (
				4AB209CC2C7E12C90058E171 /* ReactiveCollectionsKitCrashRepro */,
				4AB209CB2C7E12C90058E171 /* Products */,
			);
			sourceTree = "<group>";
		};
		4AB209CB2C7E12C90058E171 /* Products */ = {
			isa = PBXGroup;
			children = (
				4AB209CA2C7E12C90058E171 /* ReactiveCollectionsKitCrashRepro.app */,
			);
			name = Products;
			sourceTree = "<group>";
		};
		4AB209CC2C7E12C90058E171 /* ReactiveCollectionsKitCrashRepro */ = {
			isa = PBXGroup;
			children = (
				4AB209CD2C7E12C90058E171 /* ReactiveCollectionsKitCrashReproApp.swift */,
				4AB209CF2C7E12C90058E171 /* ContentView.swift */,
				4AB209D12C7E12CA0058E171 /* Assets.xcassets */,
				4AB209D32C7E12CA0058E171 /* Preview Content */,
				4AB209DE2C7E12FC0058E171 /* CollectionView.swift */,
				4AB209E32C7E14D80058E171 /* CollectionViewLayouts.swift */,
				4AB209E52C7E15760058E171 /* View+erase.swift */,
				4AB209E72C7E22520058E171 /* Int+Identifiable.swift */,
			);
			path = ReactiveCollectionsKitCrashRepro;
			sourceTree = "<group>";
		};
		4AB209D32C7E12CA0058E171 /* Preview Content */ = {
			isa = PBXGroup;
			children = (
				4AB209D42C7E12CA0058E171 /* Preview Assets.xcassets */,
			);
			path = "Preview Content";
			sourceTree = "<group>";
		};
/* End PBXGroup section */

/* Begin PBXNativeTarget section */
		4AB209C92C7E12C90058E171 /* ReactiveCollectionsKitCrashRepro */ = {
			isa = PBXNativeTarget;
			buildConfigurationList = 4AB209D82C7E12CA0058E171 /* Build configuration list for PBXNativeTarget "ReactiveCollectionsKitCrashRepro" */;
			buildPhases = (
				4AB209C62C7E12C90058E171 /* Sources */,
				4AB209C72C7E12C90058E171 /* Frameworks */,
				4AB209C82C7E12C90058E171 /* Resources */,
			);
			buildRules = (
			);
			dependencies = (
			);
			name = ReactiveCollectionsKitCrashRepro;
			packageProductDependencies = (
				4AB209DC2C7E12F20058E171 /* ReactiveCollectionsKit */,
				4AB209E12C7E13E90058E171 /* CompositionalLayoutDSL */,
			);
			productName = ReactiveCollectionsKitCrashRepro;
			productReference = 4AB209CA2C7E12C90058E171 /* ReactiveCollectionsKitCrashRepro.app */;
			productType = "com.apple.product-type.application";
		};
/* End PBXNativeTarget section */

/* Begin PBXProject section */
		4AB209C22C7E12C90058E171 /* Project object */ = {
			isa = PBXProject;
			attributes = {
				BuildIndependentTargetsInParallel = 1;
				LastSwiftUpdateCheck = 1540;
				LastUpgradeCheck = 1540;
				TargetAttributes = {
					4AB209C92C7E12C90058E171 = {
						CreatedOnToolsVersion = 15.4;
					};
				};
			};
			buildConfigurationList = 4AB209C52C7E12C90058E171 /* Build configuration list for PBXProject "ReactiveCollectionsKitCrashRepro" */;
			compatibilityVersion = "Xcode 14.0";
			developmentRegion = en;
			hasScannedForEncodings = 0;
			knownRegions = (
				en,
				Base,
			);
			mainGroup = 4AB209C12C7E12C90058E171;
			packageReferences = (
				4AB209DB2C7E12F20058E171 /* XCRemoteSwiftPackageReference "ReactiveCollectionsKit" */,
				4AB209E02C7E13E90058E171 /* XCRemoteSwiftPackageReference "CompositionalLayoutDSL" */,
			);
			productRefGroup = 4AB209CB2C7E12C90058E171 /* Products */;
			projectDirPath = "";
			projectRoot = "";
			targets = (
				4AB209C92C7E12C90058E171 /* ReactiveCollectionsKitCrashRepro */,
			);
		};
/* End PBXProject section */

/* Begin PBXResourcesBuildPhase section */
		4AB209C82C7E12C90058E171 /* Resources */ = {
			isa = PBXResourcesBuildPhase;
			buildActionMask = 2147483647;
			files = (
				4AB209D52C7E12CA0058E171 /* Preview Assets.xcassets in Resources */,
				4AB209D22C7E12CA0058E171 /* Assets.xcassets in Resources */,
			);
			runOnlyForDeploymentPostprocessing = 0;
		};
/* End PBXResourcesBuildPhase section */

/* Begin PBXSourcesBuildPhase section */
		4AB209C62C7E12C90058E171 /* Sources */ = {
			isa = PBXSourcesBuildPhase;
			buildActionMask = 2147483647;
			files = (
				4AB209E62C7E15760058E171 /* View+erase.swift in Sources */,
				4AB209DF2C7E12FC0058E171 /* CollectionView.swift in Sources */,
				4AB209D02C7E12C90058E171 /* ContentView.swift in Sources */,
				4AB209E42C7E14D80058E171 /* CollectionViewLayouts.swift in Sources */,
				4AB209CE2C7E12C90058E171 /* ReactiveCollectionsKitCrashReproApp.swift in Sources */,
				4AB209E82C7E22520058E171 /* Int+Identifiable.swift in Sources */,
			);
			runOnlyForDeploymentPostprocessing = 0;
		};
/* End PBXSourcesBuildPhase section */

/* Begin XCBuildConfiguration section */
		4AB209D62C7E12CA0058E171 /* Debug */ = {
			isa = XCBuildConfiguration;
			buildSettings = {
				ALWAYS_SEARCH_USER_PATHS = NO;
				ASSETCATALOG_COMPILER_GENERATE_SWIFT_ASSET_SYMBOL_EXTENSIONS = YES;
				CLANG_ANALYZER_NONNULL = YES;
				CLANG_ANALYZER_NUMBER_OBJECT_CONVERSION = YES_AGGRESSIVE;
				CLANG_CXX_LANGUAGE_STANDARD = "gnu++20";
				CLANG_ENABLE_MODULES = YES;
				CLANG_ENABLE_OBJC_ARC = YES;
				CLANG_ENABLE_OBJC_WEAK = YES;
				CLANG_WARN_BLOCK_CAPTURE_AUTORELEASING = YES;
				CLANG_WARN_BOOL_CONVERSION = YES;
				CLANG_WARN_COMMA = YES;
				CLANG_WARN_CONSTANT_CONVERSION = YES;
				CLANG_WARN_DEPRECATED_OBJC_IMPLEMENTATIONS = YES;
				CLANG_WARN_DIRECT_OBJC_ISA_USAGE = YES_ERROR;
				CLANG_WARN_DOCUMENTATION_COMMENTS = YES;
				CLANG_WARN_EMPTY_BODY = YES;
				CLANG_WARN_ENUM_CONVERSION = YES;
				CLANG_WARN_INFINITE_RECURSION = YES;
				CLANG_WARN_INT_CONVERSION = YES;
				CLANG_WARN_NON_LITERAL_NULL_CONVERSION = YES;
				CLANG_WARN_OBJC_IMPLICIT_RETAIN_SELF = YES;
				CLANG_WARN_OBJC_LITERAL_CONVERSION = YES;
				CLANG_WARN_OBJC_ROOT_CLASS = YES_ERROR;
				CLANG_WARN_QUOTED_INCLUDE_IN_FRAMEWORK_HEADER = YES;
				CLANG_WARN_RANGE_LOOP_ANALYSIS = YES;
				CLANG_WARN_STRICT_PROTOTYPES = YES;
				CLANG_WARN_SUSPICIOUS_MOVE = YES;
				CLANG_WARN_UNGUARDED_AVAILABILITY = YES_AGGRESSIVE;
				CLANG_WARN_UNREACHABLE_CODE = YES;
				CLANG_WARN__DUPLICATE_METHOD_MATCH = YES;
				COPY_PHASE_STRIP = NO;
				DEBUG_INFORMATION_FORMAT = dwarf;
				ENABLE_STRICT_OBJC_MSGSEND = YES;
				ENABLE_TESTABILITY = YES;
				ENABLE_USER_SCRIPT_SANDBOXING = YES;
				GCC_C_LANGUAGE_STANDARD = gnu17;
				GCC_DYNAMIC_NO_PIC = NO;
				GCC_NO_COMMON_BLOCKS = YES;
				GCC_OPTIMIZATION_LEVEL = 0;
				GCC_PREPROCESSOR_DEFINITIONS = (
					"DEBUG=1",
					"$(inherited)",
				);
				GCC_WARN_64_TO_32_BIT_CONVERSION = YES;
				GCC_WARN_ABOUT_RETURN_TYPE = YES_ERROR;
				GCC_WARN_UNDECLARED_SELECTOR = YES;
				GCC_WARN_UNINITIALIZED_AUTOS = YES_AGGRESSIVE;
				GCC_WARN_UNUSED_FUNCTION = YES;
				GCC_WARN_UNUSED_VARIABLE = YES;
				IPHONEOS_DEPLOYMENT_TARGET = 17.5;
				LOCALIZATION_PREFERS_STRING_CATALOGS = YES;
				MTL_ENABLE_DEBUG_INFO = INCLUDE_SOURCE;
				MTL_FAST_MATH = YES;
				ONLY_ACTIVE_ARCH = YES;
				SDKROOT = iphoneos;
				SWIFT_ACTIVE_COMPILATION_CONDITIONS = "DEBUG $(inherited)";
				SWIFT_OPTIMIZATION_LEVEL = "-Onone";
			};
			name = Debug;
		};
		4AB209D72C7E12CA0058E171 /* Release */ = {
			isa = XCBuildConfiguration;
			buildSettings = {
				ALWAYS_SEARCH_USER_PATHS = NO;
				ASSETCATALOG_COMPILER_GENERATE_SWIFT_ASSET_SYMBOL_EXTENSIONS = YES;
				CLANG_ANALYZER_NONNULL = YES;
				CLANG_ANALYZER_NUMBER_OBJECT_CONVERSION = YES_AGGRESSIVE;
				CLANG_CXX_LANGUAGE_STANDARD = "gnu++20";
				CLANG_ENABLE_MODULES = YES;
				CLANG_ENABLE_OBJC_ARC = YES;
				CLANG_ENABLE_OBJC_WEAK = YES;
				CLANG_WARN_BLOCK_CAPTURE_AUTORELEASING = YES;
				CLANG_WARN_BOOL_CONVERSION = YES;
				CLANG_WARN_COMMA = YES;
				CLANG_WARN_CONSTANT_CONVERSION = YES;
				CLANG_WARN_DEPRECATED_OBJC_IMPLEMENTATIONS = YES;
				CLANG_WARN_DIRECT_OBJC_ISA_USAGE = YES_ERROR;
				CLANG_WARN_DOCUMENTATION_COMMENTS = YES;
				CLANG_WARN_EMPTY_BODY = YES;
				CLANG_WARN_ENUM_CONVERSION = YES;
				CLANG_WARN_INFINITE_RECURSION = YES;
				CLANG_WARN_INT_CONVERSION = YES;
				CLANG_WARN_NON_LITERAL_NULL_CONVERSION = YES;
				CLANG_WARN_OBJC_IMPLICIT_RETAIN_SELF = YES;
				CLANG_WARN_OBJC_LITERAL_CONVERSION = YES;
				CLANG_WARN_OBJC_ROOT_CLASS = YES_ERROR;
				CLANG_WARN_QUOTED_INCLUDE_IN_FRAMEWORK_HEADER = YES;
				CLANG_WARN_RANGE_LOOP_ANALYSIS = YES;
				CLANG_WARN_STRICT_PROTOTYPES = YES;
				CLANG_WARN_SUSPICIOUS_MOVE = YES;
				CLANG_WARN_UNGUARDED_AVAILABILITY = YES_AGGRESSIVE;
				CLANG_WARN_UNREACHABLE_CODE = YES;
				CLANG_WARN__DUPLICATE_METHOD_MATCH = YES;
				COPY_PHASE_STRIP = NO;
				DEBUG_INFORMATION_FORMAT = "dwarf-with-dsym";
				ENABLE_NS_ASSERTIONS = NO;
				ENABLE_STRICT_OBJC_MSGSEND = YES;
				ENABLE_USER_SCRIPT_SANDBOXING = YES;
				GCC_C_LANGUAGE_STANDARD = gnu17;
				GCC_NO_COMMON_BLOCKS = YES;
				GCC_WARN_64_TO_32_BIT_CONVERSION = YES;
				GCC_WARN_ABOUT_RETURN_TYPE = YES_ERROR;
				GCC_WARN_UNDECLARED_SELECTOR = YES;
				GCC_WARN_UNINITIALIZED_AUTOS = YES_AGGRESSIVE;
				GCC_WARN_UNUSED_FUNCTION = YES;
				GCC_WARN_UNUSED_VARIABLE = YES;
				IPHONEOS_DEPLOYMENT_TARGET = 17.5;
				LOCALIZATION_PREFERS_STRING_CATALOGS = YES;
				MTL_ENABLE_DEBUG_INFO = NO;
				MTL_FAST_MATH = YES;
				SDKROOT = iphoneos;
				SWIFT_COMPILATION_MODE = wholemodule;
				VALIDATE_PRODUCT = YES;
			};
			name = Release;
		};
		4AB209D92C7E12CA0058E171 /* Debug */ = {
			isa = XCBuildConfiguration;
			buildSettings = {
				ASSETCATALOG_COMPILER_APPICON_NAME = AppIcon;
				ASSETCATALOG_COMPILER_GLOBAL_ACCENT_COLOR_NAME = AccentColor;
				CODE_SIGN_STYLE = Automatic;
				CURRENT_PROJECT_VERSION = 1;
				DEVELOPMENT_ASSET_PATHS = "\"ReactiveCollectionsKitCrashRepro/Preview Content\"";
				DEVELOPMENT_TEAM = FJDFFN9QAC;
				ENABLE_PREVIEWS = YES;
				GENERATE_INFOPLIST_FILE = YES;
				INFOPLIST_KEY_UIApplicationSceneManifest_Generation = YES;
				INFOPLIST_KEY_UIApplicationSupportsIndirectInputEvents = YES;
				INFOPLIST_KEY_UILaunchScreen_Generation = YES;
				INFOPLIST_KEY_UISupportedInterfaceOrientations_iPad = "UIInterfaceOrientationPortrait UIInterfaceOrientationPortraitUpsideDown UIInterfaceOrientationLandscapeLeft UIInterfaceOrientationLandscapeRight";
				INFOPLIST_KEY_UISupportedInterfaceOrientations_iPhone = "UIInterfaceOrientationPortrait UIInterfaceOrientationLandscapeLeft UIInterfaceOrientationLandscapeRight";
				LD_RUNPATH_SEARCH_PATHS = (
					"$(inherited)",
					"@executable_path/Frameworks",
				);
				MARKETING_VERSION = 1.0;
				PRODUCT_BUNDLE_IDENTIFIER = me.lachenmayer.ReactiveCollectionsKitCrashRepro;
				PRODUCT_NAME = "$(TARGET_NAME)";
				SWIFT_EMIT_LOC_STRINGS = YES;
				SWIFT_VERSION = 5.0;
				TARGETED_DEVICE_FAMILY = "1,2";
			};
			name = Debug;
		};
		4AB209DA2C7E12CA0058E171 /* Release */ = {
			isa = XCBuildConfiguration;
			buildSettings = {
				ASSETCATALOG_COMPILER_APPICON_NAME = AppIcon;
				ASSETCATALOG_COMPILER_GLOBAL_ACCENT_COLOR_NAME = AccentColor;
				CODE_SIGN_STYLE = Automatic;
				CURRENT_PROJECT_VERSION = 1;
				DEVELOPMENT_ASSET_PATHS = "\"ReactiveCollectionsKitCrashRepro/Preview Content\"";
				DEVELOPMENT_TEAM = FJDFFN9QAC;
				ENABLE_PREVIEWS = YES;
				GENERATE_INFOPLIST_FILE = YES;
				INFOPLIST_KEY_UIApplicationSceneManifest_Generation = YES;
				INFOPLIST_KEY_UIApplicationSupportsIndirectInputEvents = YES;
				INFOPLIST_KEY_UILaunchScreen_Generation = YES;
				INFOPLIST_KEY_UISupportedInterfaceOrientations_iPad = "UIInterfaceOrientationPortrait UIInterfaceOrientationPortraitUpsideDown UIInterfaceOrientationLandscapeLeft UIInterfaceOrientationLandscapeRight";
				INFOPLIST_KEY_UISupportedInterfaceOrientations_iPhone = "UIInterfaceOrientationPortrait UIInterfaceOrientationLandscapeLeft UIInterfaceOrientationLandscapeRight";
				LD_RUNPATH_SEARCH_PATHS = (
					"$(inherited)",
					"@executable_path/Frameworks",
				);
				MARKETING_VERSION = 1.0;
				PRODUCT_BUNDLE_IDENTIFIER = me.lachenmayer.ReactiveCollectionsKitCrashRepro;
				PRODUCT_NAME = "$(TARGET_NAME)";
				SWIFT_EMIT_LOC_STRINGS = YES;
				SWIFT_VERSION = 5.0;
				TARGETED_DEVICE_FAMILY = "1,2";
			};
			name = Release;
		};
/* End XCBuildConfiguration section */

/* Begin XCConfigurationList section */
		4AB209C52C7E12C90058E171 /* Build configuration list for PBXProject "ReactiveCollectionsKitCrashRepro" */ = {
			isa = XCConfigurationList;
			buildConfigurations = (
				4AB209D62C7E12CA0058E171 /* Debug */,
				4AB209D72C7E12CA0058E171 /* Release */,
			);
			defaultConfigurationIsVisible = 0;
			defaultConfigurationName = Release;
		};
		4AB209D82C7E12CA0058E171 /* Build configuration list for PBXNativeTarget "ReactiveCollectionsKitCrashRepro" */ = {
			isa = XCConfigurationList;
			buildConfigurations = (
				4AB209D92C7E12CA0058E171 /* Debug */,
				4AB209DA2C7E12CA0058E171 /* Release */,
			);
			defaultConfigurationIsVisible = 0;
			defaultConfigurationName = Release;
		};
/* End XCConfigurationList section */

/* Begin XCRemoteSwiftPackageReference section */
		4AB209DB2C7E12F20058E171 /* XCRemoteSwiftPackageReference "ReactiveCollectionsKit" */ = {
			isa = XCRemoteSwiftPackageReference;
			repositoryURL = "https://github.com/jessesquires/ReactiveCollectionsKit.git";
			requirement = {
				kind = upToNextMajorVersion;
				minimumVersion = 0.1.5;
			};
		};
		4AB209E02C7E13E90058E171 /* XCRemoteSwiftPackageReference "CompositionalLayoutDSL" */ = {
			isa = XCRemoteSwiftPackageReference;
			repositoryURL = "https://github.com/faberNovel/CompositionalLayoutDSL";
			requirement = {
				branch = main;
				kind = branch;
			};
		};
/* End XCRemoteSwiftPackageReference section */

/* Begin XCSwiftPackageProductDependency section */
		4AB209DC2C7E12F20058E171 /* ReactiveCollectionsKit */ = {
			isa = XCSwiftPackageProductDependency;
			package = 4AB209DB2C7E12F20058E171 /* XCRemoteSwiftPackageReference "ReactiveCollectionsKit" */;
			productName = ReactiveCollectionsKit;
		};
		4AB209E12C7E13E90058E171 /* CompositionalLayoutDSL */ = {
			isa = XCSwiftPackageProductDependency;
			package = 4AB209E02C7E13E90058E171 /* XCRemoteSwiftPackageReference "CompositionalLayoutDSL" */;
			productName = CompositionalLayoutDSL;
		};
/* End XCSwiftPackageProductDependency section */
	};
	rootObject = 4AB209C22C7E12C90058E171 /* Project object */;
}
