{
  "originHash" : "ce343fdbf19b151c038c44f24ae26a7db4b8eb3830595cd2a7b26a8c16796704",
  "pins" : [
    {
      "identity" : "compositionallayoutdsl",
      "kind" : "remoteSourceControl",
      "location" : "https://github.com/faberNovel/CompositionalLayoutDSL",
      "state" : {
        "branch" : "main",
        "revision" : "3b1c5adad64f031e28417ee9460dd58556cb6e33"
      }
    },
    {
      "identity" : "reactivecollectionskit",
      "kind" : "remoteSourceControl",
      "location" : "https://github.com/lachenmayer/ReactiveCollectionsKit",
      "state" : {
        "branch" : "fix-diffabledatasource-crash-2",
        "revision" : "5adb442497de1fddeb325a55bbc4df3d5ef643da"
      }
    }
  ],
  "version" : 3
}
